{
  "name": "fish-tank-stream-app",
  "version": "0.1.0",
  "lockfileVersion": 3,
  "requires": true,
  "packages": {
    "": {
      "name": "fish-tank-stream-app",
      "version": "0.1.0",
      "dependencies": {
        "next": "^13.0.0",
        "p5": "^1.9.4",
        "react": "^18.0.0",
        "react-dom": "^18.0.0",
        "react-h5-audio-player": "^3.9.1",
        "react-slideshow-image": "^4.3.1",
        "react-webcam": "^7.2.0",
        "tmi.js": "^1.8.5",
        "video.js": "^8.12.0",
        "web-vitals": "^4.1.1"
      }
    },
    "node_modules/@babel/runtime": {
      "version": "7.24.7",
      "resolved": "https://registry.npmjs.org/@babel/runtime/-/runtime-7.24.7.tgz",
      "integrity": "sha512-UwgBRMjJP+xv857DCngvqXI3Iq6J4v0wXmwc6sapg+zyhbwmQX67LUEFrkK5tbyJ30jGuG3ZvWpBiB9LCy1kWw==",
      "dependencies": {
        "regenerator-runtime": "^0.14.0"
      },
      "engines": {
        "node": ">=6.9.0"
      }
    },
    "node_modules/@iconify/react": {
      "version": "4.1.1",
      "resolved": "https://registry.npmjs.org/@iconify/react/-/react-4.1.1.tgz",
      "integrity": "sha512-jed14EjvKjee8mc0eoscGxlg7mSQRkwQG3iX3cPBCO7UlOjz0DtlvTqxqEcHUJGh+z1VJ31Yhu5B9PxfO0zbdg==",
      "dependencies": {
        "@iconify/types": "^2.0.0"
      },
      "funding": {
        "url": "https://github.com/sponsors/cyberalien"
      },
      "peerDependencies": {
        "react": ">=16"
      }
    },
    "node_modules/@iconify/types": {
      "version": "2.0.0",
      "resolved": "https://registry.npmjs.org/@iconify/types/-/types-2.0.0.tgz",
      "integrity": "sha512-+wluvCrRhXrhyOmRDJ3q8mux9JkKy5SJ/v8ol2tu4FVjyYvtEzkc/3pK15ET6RKg4b4w4BmTk1+gsCUhf21Ykg=="
    },
    "node_modules/@next/env": {
      "version": "13.5.6",
      "resolved": "https://registry.npmjs.org/@next/env/-/env-13.5.6.tgz",
      "integrity": "sha512-Yac/bV5sBGkkEXmAX5FWPS9Mmo2rthrOPRQQNfycJPkjUAUclomCPH7QFVCDQ4Mp2k2K1SSM6m0zrxYrOwtFQw=="
    },
    "node_modules/@next/swc-darwin-arm64": {
      "version": "13.5.6",
      "resolved": "https://registry.npmjs.org/@next/swc-darwin-arm64/-/swc-darwin-arm64-13.5.6.tgz",
      "integrity": "sha512-5nvXMzKtZfvcu4BhtV0KH1oGv4XEW+B+jOfmBdpFI3C7FrB/MfujRpWYSBBO64+qbW8pkZiSyQv9eiwnn5VIQA==",
      "cpu": [
        "arm64"
      ],
      "optional": true,
      "os": [
        "darwin"
      ],
      "engines": {
        "node": ">= 10"
      }
    },
    "node_modules/@next/swc-darwin-x64": {
      "version": "13.5.6",
      "resolved": "https://registry.npmjs.org/@next/swc-darwin-x64/-/swc-darwin-x64-13.5.6.tgz",
      "integrity": "sha512-6cgBfxg98oOCSr4BckWjLLgiVwlL3vlLj8hXg2b+nDgm4bC/qVXXLfpLB9FHdoDu4057hzywbxKvmYGmi7yUzA==",
      "cpu": [
        "x64"
      ],
      "optional": true,
      "os": [
        "darwin"
      ],
      "engines": {
        "node": ">= 10"
      }
    },
    "node_modules/@next/swc-linux-arm64-gnu": {
      "version": "13.5.6",
      "resolved": "https://registry.npmjs.org/@next/swc-linux-arm64-gnu/-/swc-linux-arm64-gnu-13.5.6.tgz",
      "integrity": "sha512-txagBbj1e1w47YQjcKgSU4rRVQ7uF29YpnlHV5xuVUsgCUf2FmyfJ3CPjZUvpIeXCJAoMCFAoGnbtX86BK7+sg==",
      "cpu": [
        "arm64"
      ],
      "optional": true,
      "os": [
        "linux"
      ],
      "engines": {
        "node": ">= 10"
      }
    },
    "node_modules/@next/swc-linux-arm64-musl": {
      "version": "13.5.6",
      "resolved": "https://registry.npmjs.org/@next/swc-linux-arm64-musl/-/swc-linux-arm64-musl-13.5.6.tgz",
      "integrity": "sha512-cGd+H8amifT86ZldVJtAKDxUqeFyLWW+v2NlBULnLAdWsiuuN8TuhVBt8ZNpCqcAuoruoSWynvMWixTFcroq+Q==",
      "cpu": [
        "arm64"
      ],
      "optional": true,
      "os": [
        "linux"
      ],
      "engines": {
        "node": ">= 10"
      }
    },
    "node_modules/@next/swc-linux-x64-gnu": {
      "version": "13.5.6",
      "resolved": "https://registry.npmjs.org/@next/swc-linux-x64-gnu/-/swc-linux-x64-gnu-13.5.6.tgz",
      "integrity": "sha512-Mc2b4xiIWKXIhBy2NBTwOxGD3nHLmq4keFk+d4/WL5fMsB8XdJRdtUlL87SqVCTSaf1BRuQQf1HvXZcy+rq3Nw==",
      "cpu": [
        "x64"
      ],
      "optional": true,
      "os": [
        "linux"
      ],
      "engines": {
        "node": ">= 10"
      }
    },
    "node_modules/@next/swc-linux-x64-musl": {
      "version": "13.5.6",
      "resolved": "https://registry.npmjs.org/@next/swc-linux-x64-musl/-/swc-linux-x64-musl-13.5.6.tgz",
      "integrity": "sha512-CFHvP9Qz98NruJiUnCe61O6GveKKHpJLloXbDSWRhqhkJdZD2zU5hG+gtVJR//tyW897izuHpM6Gtf6+sNgJPQ==",
      "cpu": [
        "x64"
      ],
      "optional": true,
      "os": [
        "linux"
      ],
      "engines": {
        "node": ">= 10"
      }
    },
    "node_modules/@next/swc-win32-arm64-msvc": {
      "version": "13.5.6",
      "resolved": "https://registry.npmjs.org/@next/swc-win32-arm64-msvc/-/swc-win32-arm64-msvc-13.5.6.tgz",
      "integrity": "sha512-aFv1ejfkbS7PUa1qVPwzDHjQWQtknzAZWGTKYIAaS4NMtBlk3VyA6AYn593pqNanlicewqyl2jUhQAaFV/qXsg==",
      "cpu": [
        "arm64"
      ],
      "optional": true,
      "os": [
        "win32"
      ],
      "engines": {
        "node": ">= 10"
      }
    },
    "node_modules/@next/swc-win32-ia32-msvc": {
      "version": "13.5.6",
      "resolved": "https://registry.npmjs.org/@next/swc-win32-ia32-msvc/-/swc-win32-ia32-msvc-13.5.6.tgz",
      "integrity": "sha512-XqqpHgEIlBHvzwG8sp/JXMFkLAfGLqkbVsyN+/Ih1mR8INb6YCc2x/Mbwi6hsAgUnqQztz8cvEbHJUbSl7RHDg==",
      "cpu": [
        "ia32"
      ],
      "optional": true,
      "os": [
        "win32"
      ],
      "engines": {
        "node": ">= 10"
      }
    },
    "node_modules/@next/swc-win32-x64-msvc": {
      "version": "13.5.6",
      "resolved": "https://registry.npmjs.org/@next/swc-win32-x64-msvc/-/swc-win32-x64-msvc-13.5.6.tgz",
      "integrity": "sha512-Cqfe1YmOS7k+5mGu92nl5ULkzpKuxJrP3+4AEuPmrpFZ3BHxTY3TnHmU1On3bFmFFs6FbTcdF58CCUProGpIGQ==",
      "cpu": [
        "x64"
      ],
      "optional": true,
      "os": [
        "win32"
      ],
      "engines": {
        "node": ">= 10"
      }
    },
    "node_modules/@swc/helpers": {
      "version": "0.5.2",
      "resolved": "https://registry.npmjs.org/@swc/helpers/-/helpers-0.5.2.tgz",
      "integrity": "sha512-E4KcWTpoLHqwPHLxidpOqQbcrZVgi0rsmmZXUle1jXmJfuIf/UWpczUJ7MZZ5tlxytgJXyp0w4PGkkeLiuIdZw==",
      "dependencies": {
        "tslib": "^2.4.0"
      }
    },
    "node_modules/@tweenjs/tween.js": {
      "version": "18.6.4",
      "resolved": "https://registry.npmjs.org/@tweenjs/tween.js/-/tween.js-18.6.4.tgz",
      "integrity": "sha512-lB9lMjuqjtuJrx7/kOkqQBtllspPIN+96OvTCeJ2j5FEzinoAXTdAMFnDAQT1KVPRlnYfBrqxtqP66vDM40xxQ=="
    },
    "node_modules/@videojs/http-streaming": {
      "version": "3.12.1",
      "resolved": "https://registry.npmjs.org/@videojs/http-streaming/-/http-streaming-3.12.1.tgz",
      "integrity": "sha512-rpB5AMt0QZ9bMXzwiWhynF2NLNnm5g2DZjPOFX6OoFqqXhbe2ngY2nqm9lLRhRVe22YeysQCmAlvBNwGuWFI8Q==",
      "dependencies": {
        "@babel/runtime": "^7.12.5",
        "@videojs/vhs-utils": "4.0.0",
        "aes-decrypter": "4.0.1",
        "global": "^4.4.0",
        "m3u8-parser": "^7.1.0",
        "mpd-parser": "^1.3.0",
        "mux.js": "7.0.3",
        "video.js": "^7 || ^8"
      },
      "engines": {
        "node": ">=8",
        "npm": ">=5"
      },
      "peerDependencies": {
        "video.js": "^8.11.0"
      }
    },
    "node_modules/@videojs/vhs-utils": {
      "version": "4.0.0",
      "resolved": "https://registry.npmjs.org/@videojs/vhs-utils/-/vhs-utils-4.0.0.tgz",
      "integrity": "sha512-xJp7Yd4jMLwje2vHCUmi8MOUU76nxiwII3z4Eg3Ucb+6rrkFVGosrXlMgGnaLjq724j3wzNElRZ71D/CKrTtxg==",
      "dependencies": {
        "@babel/runtime": "^7.12.5",
        "global": "^4.4.0",
        "url-toolkit": "^2.2.1"
      },
      "engines": {
        "node": ">=8",
        "npm": ">=5"
      }
    },
    "node_modules/@videojs/xhr": {
      "version": "2.6.0",
      "resolved": "https://registry.npmjs.org/@videojs/xhr/-/xhr-2.6.0.tgz",
      "integrity": "sha512-7J361GiN1tXpm+gd0xz2QWr3xNWBE+rytvo8J3KuggFaLg+U37gZQ2BuPLcnkfGffy2e+ozY70RHC8jt7zjA6Q==",
      "dependencies": {
        "@babel/runtime": "^7.5.5",
        "global": "~4.4.0",
        "is-function": "^1.0.1"
      }
    },
    "node_modules/@xmldom/xmldom": {
      "version": "0.8.10",
      "resolved": "https://registry.npmjs.org/@xmldom/xmldom/-/xmldom-0.8.10.tgz",
      "integrity": "sha512-2WALfTl4xo2SkGCYRt6rDTFfk9R1czmBvUQy12gK2KuRKIpWEhcbbzy8EZXtz/jkRqHX8bFEc6FC1HjX4TUWYw==",
      "engines": {
        "node": ">=10.0.0"
      }
    },
    "node_modules/aes-decrypter": {
      "version": "4.0.1",
      "resolved": "https://registry.npmjs.org/aes-decrypter/-/aes-decrypter-4.0.1.tgz",
      "integrity": "sha512-H1nh/P9VZXUf17AA5NQfJML88CFjVBDuGkp5zDHa7oEhYN9TTpNLJknRY1ie0iSKWlDf6JRnJKaZVDSQdPy6Cg==",
      "dependencies": {
        "@babel/runtime": "^7.12.5",
        "@videojs/vhs-utils": "^3.0.5",
        "global": "^4.4.0",
        "pkcs7": "^1.0.4"
      }
    },
    "node_modules/aes-decrypter/node_modules/@videojs/vhs-utils": {
      "version": "3.0.5",
      "resolved": "https://registry.npmjs.org/@videojs/vhs-utils/-/vhs-utils-3.0.5.tgz",
      "integrity": "sha512-PKVgdo8/GReqdx512F+ombhS+Bzogiofy1LgAj4tN8PfdBx3HSS7V5WfJotKTqtOWGwVfSWsrYN/t09/DSryrw==",
      "dependencies": {
        "@babel/runtime": "^7.12.5",
        "global": "^4.4.0",
        "url-toolkit": "^2.2.1"
      },
      "engines": {
        "node": ">=8",
        "npm": ">=5"
      }
    },
    "node_modules/busboy": {
      "version": "1.6.0",
      "resolved": "https://registry.npmjs.org/busboy/-/busboy-1.6.0.tgz",
      "integrity": "sha512-8SFQbg/0hQ9xy3UNTB0YEnsNBbWfhf7RtnzpL7TkBiTBRfrQ9Fxcnz7VJsleJpyp6rVLvXiuORqjlHi5q+PYuA==",
      "dependencies": {
        "streamsearch": "^1.1.0"
      },
      "engines": {
        "node": ">=10.16.0"
      }
    },
    "node_modules/caniuse-lite": {
      "version": "1.0.30001636",
      "resolved": "https://registry.npmjs.org/caniuse-lite/-/caniuse-lite-1.0.30001636.tgz",
      "integrity": "sha512-bMg2vmr8XBsbL6Lr0UHXy/21m84FTxDLWn2FSqMd5PrlbMxwJlQnC2YWYxVgp66PZE+BBNF2jYQUBKCo1FDeZg==",
      "funding": [
        {
          "type": "opencollective",
          "url": "https://opencollective.com/browserslist"
        },
        {
          "type": "tidelift",
          "url": "https://tidelift.com/funding/github/npm/caniuse-lite"
        },
        {
          "type": "github",
          "url": "https://github.com/sponsors/ai"
        }
      ]
    },
    "node_modules/client-only": {
      "version": "0.0.1",
      "resolved": "https://registry.npmjs.org/client-only/-/client-only-0.0.1.tgz",
      "integrity": "sha512-IV3Ou0jSMzZrd3pZ48nLkT9DA7Ag1pnPzaiQhpW7c3RbcqqzvzzVu+L8gfqMp/8IM2MQtSiqaCxrrcfu8I8rMA=="
    },
    "node_modules/dom-walk": {
      "version": "0.1.2",
      "resolved": "https://registry.npmjs.org/dom-walk/-/dom-walk-0.1.2.tgz",
      "integrity": "sha512-6QvTW9mrGeIegrFXdtQi9pk7O/nSK6lSdXW2eqUspN5LWD7UTji2Fqw5V2YLjBpHEoU9Xl/eUWNpDeZvoyOv2w=="
    },
    "node_modules/glob-to-regexp": {
      "version": "0.4.1",
      "resolved": "https://registry.npmjs.org/glob-to-regexp/-/glob-to-regexp-0.4.1.tgz",
      "integrity": "sha512-lkX1HJXwyMcprw/5YUZc2s7DrpAiHB21/V+E1rHUrVNokkvB6bqMzT0VfV6/86ZNabt1k14YOIaT7nDvOX3Iiw=="
    },
    "node_modules/global": {
      "version": "4.4.0",
      "resolved": "https://registry.npmjs.org/global/-/global-4.4.0.tgz",
      "integrity": "sha512-wv/LAoHdRE3BeTGz53FAamhGlPLhlssK45usmGFThIi4XqnBmjKQ16u+RNbP7WvigRZDxUsM0J3gcQ5yicaL0w==",
      "dependencies": {
        "min-document": "^2.19.0",
        "process": "^0.11.10"
      }
    },
    "node_modules/graceful-fs": {
      "version": "4.2.11",
      "resolved": "https://registry.npmjs.org/graceful-fs/-/graceful-fs-4.2.11.tgz",
      "integrity": "sha512-RbJ5/jmFcNNCcDV5o9eTnBLJ/HszWV0P73bc+Ff4nS/rJj+YaS6IGyiOL0VoBYX+l1Wrl3k63h/KrH+nhJ0XvQ=="
    },
    "node_modules/individual": {
      "version": "2.0.0",
      "resolved": "https://registry.npmjs.org/individual/-/individual-2.0.0.tgz",
      "integrity": "sha512-pWt8hBCqJsUWI/HtcfWod7+N9SgAqyPEaF7JQjwzjn5vGrpg6aQ5qeAFQ7dx//UH4J1O+7xqew+gCeeFt6xN/g=="
    },
    "node_modules/is-function": {
      "version": "1.0.2",
      "resolved": "https://registry.npmjs.org/is-function/-/is-function-1.0.2.tgz",
      "integrity": "sha512-lw7DUp0aWXYg+CBCN+JKkcE0Q2RayZnSvnZBlwgxHBQhqt5pZNVy4Ri7H9GmmXkdu7LUthszM+Tor1u/2iBcpQ=="
    },
    "node_modules/js-tokens": {
      "version": "4.0.0",
      "resolved": "https://registry.npmjs.org/js-tokens/-/js-tokens-4.0.0.tgz",
      "integrity": "sha512-RdJUflcE3cUzKiMqQgsCu06FPu9UdIJO0beYbPhHN4k6apgJtifcoCtT9bcxOpYBtpD2kCM6Sbzg4CausW/PKQ=="
    },
    "node_modules/keycode": {
      "version": "2.2.0",
      "resolved": "https://registry.npmjs.org/keycode/-/keycode-2.2.0.tgz",
      "integrity": "sha512-ps3I9jAdNtRpJrbBvQjpzyFbss/skHqzS+eu4RxKLaEAtFqkjZaB6TZMSivPbLxf4K7VI4SjR0P5mRCX5+Q25A=="
    },
    "node_modules/loose-envify": {
      "version": "1.4.0",
      "resolved": "https://registry.npmjs.org/loose-envify/-/loose-envify-1.4.0.tgz",
      "integrity": "sha512-lyuxPGr/Wfhrlem2CL/UcnUc1zcqKAImBDzukY7Y5F/yQiNdko6+fRLevlw1HgMySw7f611UIY408EtxRSoK3Q==",
      "dependencies": {
        "js-tokens": "^3.0.0 || ^4.0.0"
      },
      "bin": {
        "loose-envify": "cli.js"
      }
    },
    "node_modules/m3u8-parser": {
      "version": "7.1.0",
      "resolved": "https://registry.npmjs.org/m3u8-parser/-/m3u8-parser-7.1.0.tgz",
      "integrity": "sha512-7N+pk79EH4oLKPEYdgRXgAsKDyA/VCo0qCHlUwacttQA0WqsjZQYmNfywMvjlY9MpEBVZEt0jKFd73Kv15EBYQ==",
      "dependencies": {
        "@babel/runtime": "^7.12.5",
        "@videojs/vhs-utils": "^3.0.5",
        "global": "^4.4.0"
      }
    },
    "node_modules/m3u8-parser/node_modules/@videojs/vhs-utils": {
      "version": "3.0.5",
      "resolved": "https://registry.npmjs.org/@videojs/vhs-utils/-/vhs-utils-3.0.5.tgz",
      "integrity": "sha512-PKVgdo8/GReqdx512F+ombhS+Bzogiofy1LgAj4tN8PfdBx3HSS7V5WfJotKTqtOWGwVfSWsrYN/t09/DSryrw==",
      "dependencies": {
        "@babel/runtime": "^7.12.5",
        "global": "^4.4.0",
        "url-toolkit": "^2.2.1"
      },
      "engines": {
        "node": ">=8",
        "npm": ">=5"
      }
    },
    "node_modules/min-document": {
      "version": "2.19.0",
      "resolved": "https://registry.npmjs.org/min-document/-/min-document-2.19.0.tgz",
      "integrity": "sha512-9Wy1B3m3f66bPPmU5hdA4DR4PB2OfDU/+GS3yAB7IQozE3tqXaVv2zOjgla7MEGSRv95+ILmOuvhLkOK6wJtCQ==",
      "dependencies": {
        "dom-walk": "^0.1.0"
      }
    },
    "node_modules/mpd-parser": {
      "version": "1.3.0",
      "resolved": "https://registry.npmjs.org/mpd-parser/-/mpd-parser-1.3.0.tgz",
      "integrity": "sha512-WgeIwxAqkmb9uTn4ClicXpEQYCEduDqRKfmUdp4X8vmghKfBNXZLYpREn9eqrDx/Tf5LhzRcJLSpi4ohfV742Q==",
      "dependencies": {
        "@babel/runtime": "^7.12.5",
        "@videojs/vhs-utils": "^4.0.0",
        "@xmldom/xmldom": "^0.8.3",
        "global": "^4.4.0"
      },
      "bin": {
        "mpd-to-m3u8-json": "bin/parse.js"
      }
    },
    "node_modules/mux.js": {
      "version": "7.0.3",
      "resolved": "https://registry.npmjs.org/mux.js/-/mux.js-7.0.3.tgz",
      "integrity": "sha512-gzlzJVEGFYPtl2vvEiJneSWAWD4nfYRHD5XgxmB2gWvXraMPOYk+sxfvexmNfjQUFpmk6hwLR5C6iSFmuwCHdQ==",
      "dependencies": {
        "@babel/runtime": "^7.11.2",
        "global": "^4.4.0"
      },
      "bin": {
        "muxjs-transmux": "bin/transmux.js"
      },
      "engines": {
        "node": ">=8",
        "npm": ">=5"
      }
    },
    "node_modules/nanoid": {
      "version": "3.3.7",
      "resolved": "https://registry.npmjs.org/nanoid/-/nanoid-3.3.7.tgz",
      "integrity": "sha512-eSRppjcPIatRIMC1U6UngP8XFcz8MQWGQdt1MTBQ7NaAmvXDfvNxbvWV3x2y6CdEUciCSsDHDQZbhYaB8QEo2g==",
      "funding": [
        {
          "type": "github",
          "url": "https://github.com/sponsors/ai"
        }
      ],
      "bin": {
        "nanoid": "bin/nanoid.cjs"
      },
      "engines": {
        "node": "^10 || ^12 || ^13.7 || ^14 || >=15.0.1"
      }
    },
    "node_modules/next": {
      "version": "13.5.6",
      "resolved": "https://registry.npmjs.org/next/-/next-13.5.6.tgz",
      "integrity": "sha512-Y2wTcTbO4WwEsVb4A8VSnOsG1I9ok+h74q0ZdxkwM3EODqrs4pasq7O0iUxbcS9VtWMicG7f3+HAj0r1+NtKSw==",
      "dependencies": {
        "@next/env": "13.5.6",
        "@swc/helpers": "0.5.2",
        "busboy": "1.6.0",
        "caniuse-lite": "^1.0.30001406",
        "postcss": "8.4.31",
        "styled-jsx": "5.1.1",
        "watchpack": "2.4.0"
      },
      "bin": {
        "next": "dist/bin/next"
      },
      "engines": {
        "node": ">=16.14.0"
      },
      "optionalDependencies": {
        "@next/swc-darwin-arm64": "13.5.6",
        "@next/swc-darwin-x64": "13.5.6",
        "@next/swc-linux-arm64-gnu": "13.5.6",
        "@next/swc-linux-arm64-musl": "13.5.6",
        "@next/swc-linux-x64-gnu": "13.5.6",
        "@next/swc-linux-x64-musl": "13.5.6",
        "@next/swc-win32-arm64-msvc": "13.5.6",
        "@next/swc-win32-ia32-msvc": "13.5.6",
        "@next/swc-win32-x64-msvc": "13.5.6"
      },
      "peerDependencies": {
        "@opentelemetry/api": "^1.1.0",
        "react": "^18.2.0",
        "react-dom": "^18.2.0",
        "sass": "^1.3.0"
      },
      "peerDependenciesMeta": {
        "@opentelemetry/api": {
          "optional": true
        },
        "sass": {
          "optional": true
        }
      }
    },
    "node_modules/node-fetch": {
      "version": "2.7.0",
      "resolved": "https://registry.npmjs.org/node-fetch/-/node-fetch-2.7.0.tgz",
      "integrity": "sha512-c4FRfUm/dbcWZ7U+1Wq0AwCyFL+3nt2bEw05wfxSz+DWpWsitgmSgYmy2dQdWyKC1694ELPqMs/YzUSNozLt8A==",
      "dependencies": {
        "whatwg-url": "^5.0.0"
      },
      "engines": {
        "node": "4.x || >=6.0.0"
      },
      "peerDependencies": {
        "encoding": "^0.1.0"
      },
      "peerDependenciesMeta": {
        "encoding": {
          "optional": true
        }
      }
    },
    "node_modules/p5": {
      "version": "1.9.4",
      "resolved": "https://registry.npmjs.org/p5/-/p5-1.9.4.tgz",
      "integrity": "sha512-dhiZ9mvXx5pm8eRwml34xbeUwce4uS9Q2za0YOHg2p97N9iNAb5hTIHAt77CHKHXAh6A16u/oalz5egRfTyFWw=="
    },
    "node_modules/picocolors": {
      "version": "1.0.1",
      "resolved": "https://registry.npmjs.org/picocolors/-/picocolors-1.0.1.tgz",
      "integrity": "sha512-anP1Z8qwhkbmu7MFP5iTt+wQKXgwzf7zTyGlcdzabySa9vd0Xt392U0rVmz9poOaBj0uHJKyyo9/upk0HrEQew=="
    },
    "node_modules/pkcs7": {
      "version": "1.0.4",
      "resolved": "https://registry.npmjs.org/pkcs7/-/pkcs7-1.0.4.tgz",
      "integrity": "sha512-afRERtHn54AlwaF2/+LFszyAANTCggGilmcmILUzEjvs3XgFZT+xE6+QWQcAGmu4xajy+Xtj7acLOPdx5/eXWQ==",
      "dependencies": {
        "@babel/runtime": "^7.5.5"
      },
      "bin": {
        "pkcs7": "bin/cli.js"
      }
    },
    "node_modules/postcss": {
      "version": "8.4.31",
      "resolved": "https://registry.npmjs.org/postcss/-/postcss-8.4.31.tgz",
      "integrity": "sha512-PS08Iboia9mts/2ygV3eLpY5ghnUcfLV/EXTOW1E2qYxJKGGBUtNjN76FYHnMs36RmARn41bC0AZmn+rR0OVpQ==",
      "funding": [
        {
          "type": "opencollective",
          "url": "https://opencollective.com/postcss/"
        },
        {
          "type": "tidelift",
          "url": "https://tidelift.com/funding/github/npm/postcss"
        },
        {
          "type": "github",
          "url": "https://github.com/sponsors/ai"
        }
      ],
      "dependencies": {
        "nanoid": "^3.3.6",
        "picocolors": "^1.0.0",
        "source-map-js": "^1.0.2"
      },
      "engines": {
        "node": "^10 || ^12 || >=14"
      }
    },
    "node_modules/process": {
      "version": "0.11.10",
      "resolved": "https://registry.npmjs.org/process/-/process-0.11.10.tgz",
      "integrity": "sha512-cdGef/drWFoydD1JsMzuFf8100nZl+GT+yacc2bEced5f9Rjk4z+WtFUTBu9PhOi9j/jfmBPu0mMEY4wIdAF8A==",
      "engines": {
        "node": ">= 0.6.0"
      }
    },
    "node_modules/react": {
      "version": "18.3.1",
      "resolved": "https://registry.npmjs.org/react/-/react-18.3.1.tgz",
      "integrity": "sha512-wS+hAgJShR0KhEvPJArfuPVN1+Hz1t0Y6n5jLrGQbkb4urgPE/0Rve+1kMB1v/oWgHgm4WIcV+i7F2pTVj+2iQ==",
      "dependencies": {
        "loose-envify": "^1.1.0"
      },
      "engines": {
        "node": ">=0.10.0"
      }
    },
    "node_modules/react-dom": {
      "version": "18.3.1",
      "resolved": "https://registry.npmjs.org/react-dom/-/react-dom-18.3.1.tgz",
      "integrity": "sha512-5m4nQKp+rZRb09LNH59GM4BxTh9251/ylbKIbpe7TpGxfJ+9kv6BLkLBXIjjspbgbnIBNqlI23tRnTWT0snUIw==",
      "dependencies": {
        "loose-envify": "^1.1.0",
        "scheduler": "^0.23.2"
      },
      "peerDependencies": {
        "react": "^18.3.1"
      }
    },
    "node_modules/react-h5-audio-player": {
      "version": "3.9.1",
      "resolved": "https://registry.npmjs.org/react-h5-audio-player/-/react-h5-audio-player-3.9.1.tgz",
      "integrity": "sha512-ILJdTXZgHEfv7WsvYPoN7afJncroYyg5Cxvs2qqrsnTzhtBdEuzlM0ETkhUhjqXOsAkbwAdHF9YgnEwgBJ8dCQ==",
      "dependencies": {
        "@babel/runtime": "^7.10.2",
        "@iconify/react": "^4.1.1"
      },
      "peerDependencies": {
        "react": "^16.3.0 || ^17.0.0 || ^18.0.0",
        "react-dom": "^16.3.0 || ^17.0.0 || ^18.0.0"
      }
    },
    "node_modules/react-slideshow-image": {
      "version": "4.3.1",
      "resolved": "https://registry.npmjs.org/react-slideshow-image/-/react-slideshow-image-4.3.1.tgz",
      "integrity": "sha512-05xi3ySznTcolc/1uNyNYR/zNqphSePYfogyThZVYzqHVRrXoTpuCdSN8nECsJlg6muxciZr5AxVgJDR5S4sMA==",
      "dependencies": {
        "@tweenjs/tween.js": "^18.6.4",
        "resize-observer-polyfill": "^1.5.1"
      },
      "peerDependencies": {
        "react": ">=15"
      }
    },
    "node_modules/react-webcam": {
      "version": "7.2.0",
      "resolved": "https://registry.npmjs.org/react-webcam/-/react-webcam-7.2.0.tgz",
      "integrity": "sha512-xkrzYPqa1ag2DP+2Q/kLKBmCIfEx49bVdgCCCcZf88oF+0NPEbkwYk3/s/C7Zy0mhM8k+hpdNkBLzxg8H0aWcg==",
      "peerDependencies": {
        "react": ">=16.2.0",
        "react-dom": ">=16.2.0"
      }
    },
    "node_modules/regenerator-runtime": {
      "version": "0.14.1",
      "resolved": "https://registry.npmjs.org/regenerator-runtime/-/regenerator-runtime-0.14.1.tgz",
      "integrity": "sha512-dYnhHh0nJoMfnkZs6GmmhFknAGRrLznOu5nc9ML+EJxGvrx6H7teuevqVqCuPcPK//3eDrrjQhehXVx9cnkGdw=="
    },
    "node_modules/resize-observer-polyfill": {
      "version": "1.5.1",
      "resolved": "https://registry.npmjs.org/resize-observer-polyfill/-/resize-observer-polyfill-1.5.1.tgz",
      "integrity": "sha512-LwZrotdHOo12nQuZlHEmtuXdqGoOD0OhaxopaNFxWzInpEgaLWoVuAMbTzixuosCx2nEG58ngzW3vxdWoxIgdg=="
    },
    "node_modules/rust-result": {
      "version": "1.0.0",
      "resolved": "https://registry.npmjs.org/rust-result/-/rust-result-1.0.0.tgz",
      "integrity": "sha512-6cJzSBU+J/RJCF063onnQf0cDUOHs9uZI1oroSGnHOph+CQTIJ5Pp2hK5kEQq1+7yE/EEWfulSNXAQ2jikPthA==",
      "dependencies": {
        "individual": "^2.0.0"
      }
    },
    "node_modules/safe-json-parse": {
      "version": "4.0.0",
      "resolved": "https://registry.npmjs.org/safe-json-parse/-/safe-json-parse-4.0.0.tgz",
      "integrity": "sha512-RjZPPHugjK0TOzFrLZ8inw44s9bKox99/0AZW9o/BEQVrJfhI+fIHMErnPyRa89/yRXUUr93q+tiN6zhoVV4wQ==",
      "dependencies": {
        "rust-result": "^1.0.0"
      }
    },
    "node_modules/scheduler": {
      "version": "0.23.2",
      "resolved": "https://registry.npmjs.org/scheduler/-/scheduler-0.23.2.tgz",
      "integrity": "sha512-UOShsPwz7NrMUqhR6t0hWjFduvOzbtv7toDH1/hIrfRNIDBnnBWd0CwJTGvTpngVlmwGCdP9/Zl/tVrDqcuYzQ==",
      "dependencies": {
        "loose-envify": "^1.1.0"
      }
    },
    "node_modules/source-map-js": {
      "version": "1.2.0",
      "resolved": "https://registry.npmjs.org/source-map-js/-/source-map-js-1.2.0.tgz",
      "integrity": "sha512-itJW8lvSA0TXEphiRoawsCksnlf8SyvmFzIhltqAHluXd88pkCd+cXJVHTDwdCr0IzwptSm035IHQktUu1QUMg==",
      "engines": {
        "node": ">=0.10.0"
      }
    },
    "node_modules/streamsearch": {
      "version": "1.1.0",
      "resolved": "https://registry.npmjs.org/streamsearch/-/streamsearch-1.1.0.tgz",
      "integrity": "sha512-Mcc5wHehp9aXz1ax6bZUyY5afg9u2rv5cqQI3mRrYkGC8rW2hM02jWuwjtL++LS5qinSyhj2QfLyNsuc+VsExg==",
      "engines": {
        "node": ">=10.0.0"
      }
    },
    "node_modules/styled-jsx": {
      "version": "5.1.1",
      "resolved": "https://registry.npmjs.org/styled-jsx/-/styled-jsx-5.1.1.tgz",
      "integrity": "sha512-pW7uC1l4mBZ8ugbiZrcIsiIvVx1UmTfw7UkC3Um2tmfUq9Bhk8IiyEIPl6F8agHgjzku6j0xQEZbfA5uSgSaCw==",
      "dependencies": {
        "client-only": "0.0.1"
      },
      "engines": {
        "node": ">= 12.0.0"
      },
      "peerDependencies": {
        "react": ">= 16.8.0 || 17.x.x || ^18.0.0-0"
      },
      "peerDependenciesMeta": {
        "@babel/core": {
          "optional": true
        },
        "babel-plugin-macros": {
          "optional": true
        }
      }
    },
    "node_modules/tmi.js": {
      "version": "1.8.5",
      "resolved": "https://registry.npmjs.org/tmi.js/-/tmi.js-1.8.5.tgz",
      "integrity": "sha512-A9qrydfe1e0VWM9MViVhhxVgvLpnk7pFShVUWePsSTtoi+A1X+Zjdoa7OJd7/YsgHXGj3GkNEvnWop/1WwZuew==",
      "dependencies": {
        "node-fetch": "^2.6.1",
        "ws": "^8.2.0"
      },
      "engines": {
        "node": ">=10.0.0"
      }
    },
    "node_modules/tr46": {
      "version": "0.0.3",
      "resolved": "https://registry.npmjs.org/tr46/-/tr46-0.0.3.tgz",
      "integrity": "sha512-N3WMsuqV66lT30CrXNbEjx4GEwlow3v6rr4mCcv6prnfwhS01rkgyFdjPNBYd9br7LpXV1+Emh01fHnq2Gdgrw=="
    },
    "node_modules/tslib": {
      "version": "2.6.3",
      "resolved": "https://registry.npmjs.org/tslib/-/tslib-2.6.3.tgz",
      "integrity": "sha512-xNvxJEOUiWPGhUuUdQgAJPKOOJfGnIyKySOc09XkKsgdUV/3E2zvwZYdejjmRgPCgcym1juLH3226yA7sEFJKQ=="
    },
    "node_modules/url-toolkit": {
      "version": "2.2.5",
      "resolved": "https://registry.npmjs.org/url-toolkit/-/url-toolkit-2.2.5.tgz",
      "integrity": "sha512-mtN6xk+Nac+oyJ/PrI7tzfmomRVNFIWKUbG8jdYFt52hxbiReFAXIjYskvu64/dvuW71IcB7lV8l0HvZMac6Jg=="
    },
    "node_modules/video.js": {
      "version": "8.12.0",
      "resolved": "https://registry.npmjs.org/video.js/-/video.js-8.12.0.tgz",
      "integrity": "sha512-bLjfg3y09CAed1xZ4FujdTW7G9kgL0CJHaBnDKwBUgYuutijCutYPP5yQGCdN6VOi76uEuOpINwmTJSJia6zww==",
      "dependencies": {
        "@babel/runtime": "^7.12.5",
        "@videojs/http-streaming": "3.12.1",
        "@videojs/vhs-utils": "^4.0.0",
        "@videojs/xhr": "2.6.0",
        "aes-decrypter": "^4.0.1",
        "global": "4.4.0",
        "keycode": "2.2.0",
        "m3u8-parser": "^7.1.0",
        "mpd-parser": "^1.2.2",
        "mux.js": "^7.0.1",
        "safe-json-parse": "4.0.0",
        "videojs-contrib-quality-levels": "4.1.0",
        "videojs-font": "4.1.0",
        "videojs-vtt.js": "0.15.5"
      }
    },
    "node_modules/videojs-contrib-quality-levels": {
      "version": "4.1.0",
      "resolved": "https://registry.npmjs.org/videojs-contrib-quality-levels/-/videojs-contrib-quality-levels-4.1.0.tgz",
      "integrity": "sha512-TfrXJJg1Bv4t6TOCMEVMwF/CoS8iENYsWNKip8zfhB5kTcegiFYezEA0eHAJPU64ZC8NQbxQgOwAsYU8VXbOWA==",
      "dependencies": {
        "global": "^4.4.0"
      },
      "engines": {
        "node": ">=16",
        "npm": ">=8"
      },
      "peerDependencies": {
        "video.js": "^8"
      }
    },
    "node_modules/videojs-font": {
      "version": "4.1.0",
      "resolved": "https://registry.npmjs.org/videojs-font/-/videojs-font-4.1.0.tgz",
      "integrity": "sha512-X1LuPfLZPisPLrANIAKCknZbZu5obVM/ylfd1CN+SsCmPZQ3UMDPcvLTpPBJxcBuTpHQq2MO1QCFt7p8spnZ/w=="
    },
    "node_modules/videojs-vtt.js": {
      "version": "0.15.5",
      "resolved": "https://registry.npmjs.org/videojs-vtt.js/-/videojs-vtt.js-0.15.5.tgz",
      "integrity": "sha512-yZbBxvA7QMYn15Lr/ZfhhLPrNpI/RmCSCqgIff57GC2gIrV5YfyzLfLyZMj0NnZSAz8syB4N0nHXpZg9MyrMOQ==",
      "dependencies": {
        "global": "^4.3.1"
      }
    },
    "node_modules/watchpack": {
      "version": "2.4.0",
      "resolved": "https://registry.npmjs.org/watchpack/-/watchpack-2.4.0.tgz",
      "integrity": "sha512-Lcvm7MGST/4fup+ifyKi2hjyIAwcdI4HRgtvTpIUxBRhB+RFtUh8XtDOxUfctVCnhVi+QQj49i91OyvzkJl6cg==",
      "dependencies": {
        "glob-to-regexp": "^0.4.1",
        "graceful-fs": "^4.1.2"
      },
      "engines": {
        "node": ">=10.13.0"
      }
    },
    "node_modules/web-vitals": {
      "version": "4.1.1",
      "resolved": "https://registry.npmjs.org/web-vitals/-/web-vitals-4.1.1.tgz",
      "integrity": "sha512-wW3cdBZ56Rc5Az8p1Pw6g1zHU7X8HPLigQjD5Z0ef3EG9SPo4iO7RxsiU87aH3xaaEw0if6Ven2s+zlNGiXYqw=="
    },
    "node_modules/webidl-conversions": {
      "version": "3.0.1",
      "resolved": "https://registry.npmjs.org/webidl-conversions/-/webidl-conversions-3.0.1.tgz",
      "integrity": "sha512-2JAn3z8AR6rjK8Sm8orRC0h/bcl/DqL7tRPdGZ4I1CjdF+EaMLmYxBHyXuKL849eucPFhvBoxMsflfOb8kxaeQ=="
    },
    "node_modules/whatwg-url": {
      "version": "5.0.0",
      "resolved": "https://registry.npmjs.org/whatwg-url/-/whatwg-url-5.0.0.tgz",
      "integrity": "sha512-saE57nupxk6v3HY35+jzBwYa0rKSy0XR8JSxZPwgLr7ys0IBzhGviA1/TUGJLmSVqs8pb9AnvICXEuOHLprYTw==",
      "dependencies": {
        "tr46": "~0.0.3",
        "webidl-conversions": "^3.0.0"
      }
    },
    "node_modules/ws": {
      "version": "8.17.1",
      "resolved": "https://registry.npmjs.org/ws/-/ws-8.17.1.tgz",
      "integrity": "sha512-6XQFvXTkbfUOZOKKILFG1PDK2NDQs4azKQl26T0YS5CxqWLgXajbPZ+h4gZekJyRqFU8pvnbAbbs/3TgRPy+GQ==",
      "engines": {
        "node": ">=10.0.0"
      },
      "peerDependencies": {
        "bufferutil": "^4.0.1",
        "utf-8-validate": ">=5.0.2"
      },
      "peerDependenciesMeta": {
        "bufferutil": {
          "optional": true
        },
        "utf-8-validate": {
          "optional": true
        }
      }
    }
  }
}
